
Microsoft Visual Studio Solution File, Format Version 12.00
# Visual Studio 15
VisualStudioVersion = 15.0.28307.438
MinimumVisualStudioVersion = 10.0.40219.1
Project("{FAE04EC0-301F-11D3-BF4B-00C04F79EFBC}") = "AwesomeSpaceGame", "AwesomeSpaceGame\AwesomeSpaceGame.csproj", "{B2E222C7-6113-4489-9664-CD1EE4133851}"
EndProject
Global
	GlobalSection(SolutionConfigurationPlatforms) = preSolution
		Debug|Any CPU = Debug|Any CPU
		Release|Any CPU = Release|Any CPU
	EndGlobalSection
	GlobalSection(ProjectConfigurationPlatforms) = postSolution
		{B2E222C7-6113-4489-9664-CD1EE4133851}.Debug|Any CPU.ActiveCfg = Debug|Any CPU
		{B2E222C7-6113-4489-9664-CD1EE4133851}.Debug|Any CPU.Build.0 = Debug|Any CPU
		{B2E222C7-6113-4489-9664-CD1EE4133851}.Release|Any CPU.ActiveCfg = Release|Any CPU
		{B2E222C7-6113-4489-9664-CD1EE4133851}.Release|Any CPU.Build.0 = Release|Any CPU
	EndGlobalSection
	GlobalSection(SolutionProperties) = preSolution
		HideSolutionNode = FALSE
	EndGlobalSection
	GlobalSection(ExtensibilityGlobals) = postSolution
		SolutionGuid = {7A3F3008-8AE4-490F-B73F-26451684E6A4}
	EndGlobalSection
EndGlobal
